// !$*UTF8*$!
{
	archiveVersion = 1;
	classes = {
	};
	objectVersion = 51;
	objects = {

/* Begin PBXBuildFile section */
		2CFA2A35E0B290E65F34CF9A /* Pods_SimpleYourTime.framework in Frameworks */ = {isa = PBXBuildFile; fileRef = 7041819DAC56920B8B524462 /* Pods_SimpleYourTime.framework */; };
		CF18933E23B4EA0500085E6A /* CreateTaskViewController.swift in Sources */ = {isa = PBXBuildFile; fileRef = CF18933D23B4EA0500085E6A /* CreateTaskViewController.swift */; };
		CF1B1C8D23B9D0F500B52154 /* AuthViewController.swift in Sources */ = {isa = PBXBuildFile; fileRef = CF1B1C8C23B9D0F500B52154 /* AuthViewController.swift */; };
		CF1B1C9023B9E08D00B52154 /* Switcher.swift in Sources */ = {isa = PBXBuildFile; fileRef = CF1B1C8F23B9E08D00B52154 /* Switcher.swift */; };
		CF31846323D83348009F0D4C /* TaskInfoViewController.swift in Sources */ = {isa = PBXBuildFile; fileRef = CF31846223D83348009F0D4C /* TaskInfoViewController.swift */; };
		CF31846523D83456009F0D4C /* PanelTranssition.swift in Sources */ = {isa = PBXBuildFile; fileRef = CF31846423D83456009F0D4C /* PanelTranssition.swift */; };
		CF31846723D83543009F0D4C /* PresentationController.swift in Sources */ = {isa = PBXBuildFile; fileRef = CF31846623D83543009F0D4C /* PresentationController.swift */; };
		CF31846923D8363F009F0D4C /* DimmPresentationController.swift in Sources */ = {isa = PBXBuildFile; fileRef = CF31846823D8363F009F0D4C /* DimmPresentationController.swift */; };
		CF31846B23D837CC009F0D4C /* PresentAnimation.swift in Sources */ = {isa = PBXBuildFile; fileRef = CF31846A23D837CC009F0D4C /* PresentAnimation.swift */; };
		CF31846D23D837FE009F0D4C /* DismissAnimation.swift in Sources */ = {isa = PBXBuildFile; fileRef = CF31846C23D837FE009F0D4C /* DismissAnimation.swift */; };
		CF4B204823C703960038EFEA /* RegisterViewController.swift in Sources */ = {isa = PBXBuildFile; fileRef = CF4B204723C703960038EFEA /* RegisterViewController.swift */; };
		CF4B204A23C7088B0038EFEA /* GoogleService-Info.plist in Resources */ = {isa = PBXBuildFile; fileRef = CF4B204923C7088B0038EFEA /* GoogleService-Info.plist */; };
		CFA5132623CC5A9900B65844 /* Leveling.swift in Sources */ = {isa = PBXBuildFile; fileRef = CFA5132523CC5A9900B65844 /* Leveling.swift */; };
		CFB9FC8F23B478890066B29C /* AppDelegate.swift in Sources */ = {isa = PBXBuildFile; fileRef = CFB9FC8E23B478890066B29C /* AppDelegate.swift */; };
		CFB9FC9123B478890066B29C /* SceneDelegate.swift in Sources */ = {isa = PBXBuildFile; fileRef = CFB9FC9023B478890066B29C /* SceneDelegate.swift */; };
		CFB9FC9323B478890066B29C /* TaskViewController.swift in Sources */ = {isa = PBXBuildFile; fileRef = CFB9FC9223B478890066B29C /* TaskViewController.swift */; };
		CFB9FC9623B478890066B29C /* Main.storyboard in Resources */ = {isa = PBXBuildFile; fileRef = CFB9FC9423B478890066B29C /* Main.storyboard */; };
		CFB9FC9823B4788F0066B29C /* Assets.xcassets in Resources */ = {isa = PBXBuildFile; fileRef = CFB9FC9723B4788F0066B29C /* Assets.xcassets */; };
		CFB9FC9B23B4788F0066B29C /* LaunchScreen.storyboard in Resources */ = {isa = PBXBuildFile; fileRef = CFB9FC9923B4788F0066B29C /* LaunchScreen.storyboard */; };
		CFB9FCA323B479480066B29C /* PageViewController.swift in Sources */ = {isa = PBXBuildFile; fileRef = CFB9FCA223B479480066B29C /* PageViewController.swift */; };
		CFB9FCA523B479EC0066B29C /* ContentViewController.swift in Sources */ = {isa = PBXBuildFile; fileRef = CFB9FCA423B479EC0066B29C /* ContentViewController.swift */; };
		CFB9FCAA23B49CBF0066B29C /* TaskManager.swift in Sources */ = {isa = PBXBuildFile; fileRef = CFB9FCA923B49CBF0066B29C /* TaskManager.swift */; };
		CFB9FCAC23B49CE10066B29C /* Task.swift in Sources */ = {isa = PBXBuildFile; fileRef = CFB9FCAB23B49CE10066B29C /* Task.swift */; };
		CFBF750623B4B26D00C1C887 /* TasksTableViewCell.swift in Sources */ = {isa = PBXBuildFile; fileRef = CFBF750523B4B26D00C1C887 /* TasksTableViewCell.swift */; };
		CFFAC2B723C710AB002A9F71 /* LoginViewController.swift in Sources */ = {isa = PBXBuildFile; fileRef = CFFAC2B623C710AB002A9F71 /* LoginViewController.swift */; };
		CFFAC2B923C720ED002A9F71 /* Validators.swift in Sources */ = {isa = PBXBuildFile; fileRef = CFFAC2B823C720ED002A9F71 /* Validators.swift */; };
		CFFAC2BB23C722D6002A9F71 /* AuthError.swift in Sources */ = {isa = PBXBuildFile; fileRef = CFFAC2BA23C722D6002A9F71 /* AuthError.swift */; };
		CFFAC2BD23C7256E002A9F71 /* UIAlertController + Extension.swift in Sources */ = {isa = PBXBuildFile; fileRef = CFFAC2BC23C7256E002A9F71 /* UIAlertController + Extension.swift */; };
/* End PBXBuildFile section */

/* Begin PBXFileReference section */
		278F1DE0AF01AD97DA11D4D5 /* Pods-SimpleYourTime.debug.xcconfig */ = {isa = PBXFileReference; includeInIndex = 1; lastKnownFileType = text.xcconfig; name = "Pods-SimpleYourTime.debug.xcconfig"; path = "Target Support Files/Pods-SimpleYourTime/Pods-SimpleYourTime.debug.xcconfig"; sourceTree = "<group>"; };
		6A0CA08A1D1AA4AE08BF49CD /* Pods-SimpleYourTime.release.xcconfig */ = {isa = PBXFileReference; includeInIndex = 1; lastKnownFileType = text.xcconfig; name = "Pods-SimpleYourTime.release.xcconfig"; path = "Target Support Files/Pods-SimpleYourTime/Pods-SimpleYourTime.release.xcconfig"; sourceTree = "<group>"; };
		7041819DAC56920B8B524462 /* Pods_SimpleYourTime.framework */ = {isa = PBXFileReference; explicitFileType = wrapper.framework; includeInIndex = 0; path = Pods_SimpleYourTime.framework; sourceTree = BUILT_PRODUCTS_DIR; };
		CF18933D23B4EA0500085E6A /* CreateTaskViewController.swift */ = {isa = PBXFileReference; lastKnownFileType = sourcecode.swift; path = CreateTaskViewController.swift; sourceTree = "<group>"; };
		CF1B1C8C23B9D0F500B52154 /* AuthViewController.swift */ = {isa = PBXFileReference; lastKnownFileType = sourcecode.swift; path = AuthViewController.swift; sourceTree = "<group>"; };
		CF1B1C8F23B9E08D00B52154 /* Switcher.swift */ = {isa = PBXFileReference; lastKnownFileType = sourcecode.swift; path = Switcher.swift; sourceTree = "<group>"; };
		CF31846223D83348009F0D4C /* TaskInfoViewController.swift */ = {isa = PBXFileReference; lastKnownFileType = sourcecode.swift; path = TaskInfoViewController.swift; sourceTree = "<group>"; };
		CF31846423D83456009F0D4C /* PanelTranssition.swift */ = {isa = PBXFileReference; lastKnownFileType = sourcecode.swift; path = PanelTranssition.swift; sourceTree = "<group>"; };
		CF31846623D83543009F0D4C /* PresentationController.swift */ = {isa = PBXFileReference; lastKnownFileType = sourcecode.swift; path = PresentationController.swift; sourceTree = "<group>"; };
		CF31846823D8363F009F0D4C /* DimmPresentationController.swift */ = {isa = PBXFileReference; lastKnownFileType = sourcecode.swift; path = DimmPresentationController.swift; sourceTree = "<group>"; };
		CF31846A23D837CC009F0D4C /* PresentAnimation.swift */ = {isa = PBXFileReference; lastKnownFileType = sourcecode.swift; path = PresentAnimation.swift; sourceTree = "<group>"; };
		CF31846C23D837FE009F0D4C /* DismissAnimation.swift */ = {isa = PBXFileReference; lastKnownFileType = sourcecode.swift; path = DismissAnimation.swift; sourceTree = "<group>"; };
		CF4B204723C703960038EFEA /* RegisterViewController.swift */ = {isa = PBXFileReference; lastKnownFileType = sourcecode.swift; path = RegisterViewController.swift; sourceTree = "<group>"; };
		CF4B204923C7088B0038EFEA /* GoogleService-Info.plist */ = {isa = PBXFileReference; fileEncoding = 4; lastKnownFileType = text.plist.xml; path = "GoogleService-Info.plist"; sourceTree = "<group>"; };
		CFA5132523CC5A9900B65844 /* Leveling.swift */ = {isa = PBXFileReference; lastKnownFileType = sourcecode.swift; path = Leveling.swift; sourceTree = "<group>"; };
		CFB9FC8B23B478890066B29C /* SimpleYourTime.app */ = {isa = PBXFileReference; explicitFileType = wrapper.application; includeInIndex = 0; path = SimpleYourTime.app; sourceTree = BUILT_PRODUCTS_DIR; };
		CFB9FC8E23B478890066B29C /* AppDelegate.swift */ = {isa = PBXFileReference; lastKnownFileType = sourcecode.swift; path = AppDelegate.swift; sourceTree = "<group>"; };
		CFB9FC9023B478890066B29C /* SceneDelegate.swift */ = {isa = PBXFileReference; lastKnownFileType = sourcecode.swift; path = SceneDelegate.swift; sourceTree = "<group>"; };
		CFB9FC9223B478890066B29C /* TaskViewController.swift */ = {isa = PBXFileReference; lastKnownFileType = sourcecode.swift; path = TaskViewController.swift; sourceTree = "<group>"; };
		CFB9FC9523B478890066B29C /* Base */ = {isa = PBXFileReference; lastKnownFileType = file.storyboard; name = Base; path = Base.lproj/Main.storyboard; sourceTree = "<group>"; };
		CFB9FC9723B4788F0066B29C /* Assets.xcassets */ = {isa = PBXFileReference; lastKnownFileType = folder.assetcatalog; path = Assets.xcassets; sourceTree = "<group>"; };
		CFB9FC9A23B4788F0066B29C /* Base */ = {isa = PBXFileReference; lastKnownFileType = file.storyboard; name = Base; path = Base.lproj/LaunchScreen.storyboard; sourceTree = "<group>"; };
		CFB9FC9C23B4788F0066B29C /* Info.plist */ = {isa = PBXFileReference; lastKnownFileType = text.plist.xml; path = Info.plist; sourceTree = "<group>"; };
		CFB9FCA223B479480066B29C /* PageViewController.swift */ = {isa = PBXFileReference; lastKnownFileType = sourcecode.swift; path = PageViewController.swift; sourceTree = "<group>"; };
		CFB9FCA423B479EC0066B29C /* ContentViewController.swift */ = {isa = PBXFileReference; lastKnownFileType = sourcecode.swift; path = ContentViewController.swift; sourceTree = "<group>"; };
		CFB9FCA923B49CBF0066B29C /* TaskManager.swift */ = {isa = PBXFileReference; lastKnownFileType = sourcecode.swift; path = TaskManager.swift; sourceTree = "<group>"; };
		CFB9FCAB23B49CE10066B29C /* Task.swift */ = {isa = PBXFileReference; lastKnownFileType = sourcecode.swift; path = Task.swift; sourceTree = "<group>"; };
		CFBF750523B4B26D00C1C887 /* TasksTableViewCell.swift */ = {isa = PBXFileReference; lastKnownFileType = sourcecode.swift; path = TasksTableViewCell.swift; sourceTree = "<group>"; };
		CFFAC2B623C710AB002A9F71 /* LoginViewController.swift */ = {isa = PBXFileReference; lastKnownFileType = sourcecode.swift; path = LoginViewController.swift; sourceTree = "<group>"; };
		CFFAC2B823C720ED002A9F71 /* Validators.swift */ = {isa = PBXFileReference; lastKnownFileType = sourcecode.swift; path = Validators.swift; sourceTree = "<group>"; };
		CFFAC2BA23C722D6002A9F71 /* AuthError.swift */ = {isa = PBXFileReference; lastKnownFileType = sourcecode.swift; path = AuthError.swift; sourceTree = "<group>"; };
		CFFAC2BC23C7256E002A9F71 /* UIAlertController + Extension.swift */ = {isa = PBXFileReference; lastKnownFileType = sourcecode.swift; path = "UIAlertController + Extension.swift"; sourceTree = "<group>"; };
/* End PBXFileReference section */

/* Begin PBXFrameworksBuildPhase section */
		CFB9FC8823B478890066B29C /* Frameworks */ = {
			isa = PBXFrameworksBuildPhase;
			buildActionMask = 2147483647;
			files = (
				2CFA2A35E0B290E65F34CF9A /* Pods_SimpleYourTime.framework in Frameworks */,
			);
			runOnlyForDeploymentPostprocessing = 0;
		};
/* End PBXFrameworksBuildPhase section */

/* Begin PBXGroup section */
		2B2146540F9B61F7287F8A47 /* Pods */ = {
			isa = PBXGroup;
			children = (
				278F1DE0AF01AD97DA11D4D5 /* Pods-SimpleYourTime.debug.xcconfig */,
				6A0CA08A1D1AA4AE08BF49CD /* Pods-SimpleYourTime.release.xcconfig */,
			);
			path = Pods;
			sourceTree = "<group>";
		};
		79D685AA43E15EB2F876448F /* Frameworks */ = {
			isa = PBXGroup;
			children = (
				7041819DAC56920B8B524462 /* Pods_SimpleYourTime.framework */,
			);
			name = Frameworks;
			sourceTree = "<group>";
		};
		CF1B1C8E23B9E07C00B52154 /* Helpers */ = {
			isa = PBXGroup;
			children = (
				CF1B1C8F23B9E08D00B52154 /* Switcher.swift */,
				CFFAC2B823C720ED002A9F71 /* Validators.swift */,
				CFFAC2BA23C722D6002A9F71 /* AuthError.swift */,
				CFFAC2BC23C7256E002A9F71 /* UIAlertController + Extension.swift */,
				CFA5132523CC5A9900B65844 /* Leveling.swift */,
			);
			path = Helpers;
			sourceTree = "<group>";
		};
		CF31846E23D83977009F0D4C /* ModalWindowAnimation */ = {
			isa = PBXGroup;
			children = (
				CF31846423D83456009F0D4C /* PanelTranssition.swift */,
				CF31846C23D837FE009F0D4C /* DismissAnimation.swift */,
				CF31846A23D837CC009F0D4C /* PresentAnimation.swift */,
				CF31846623D83543009F0D4C /* PresentationController.swift */,
				CF31846823D8363F009F0D4C /* DimmPresentationController.swift */,
			);
			path = ModalWindowAnimation;
			sourceTree = "<group>";
		};
		CFB9FC8223B478890066B29C = {
			isa = PBXGroup;
			children = (
				CFB9FC8D23B478890066B29C /* SimpleYourTime */,
				CFB9FC8C23B478890066B29C /* Products */,
				2B2146540F9B61F7287F8A47 /* Pods */,
				79D685AA43E15EB2F876448F /* Frameworks */,
			);
			sourceTree = "<group>";
		};
		CFB9FC8C23B478890066B29C /* Products */ = {
			isa = PBXGroup;
			children = (
				CFB9FC8B23B478890066B29C /* SimpleYourTime.app */,
			);
			name = Products;
			sourceTree = "<group>";
		};
		CFB9FC8D23B478890066B29C /* SimpleYourTime */ = {
			isa = PBXGroup;
			children = (
				CFB9FC9423B478890066B29C /* Main.storyboard */,
				CFBF750023B4A36100C1C887 /* Model */,
				CFBF750423B4B25300C1C887 /* View */,
				CFBF750323B4B20900C1C887 /* Controller */,
				CFB9FCA623B484000066B29C /* PageView */,
				CF1B1C8E23B9E07C00B52154 /* Helpers */,
				CF31846E23D83977009F0D4C /* ModalWindowAnimation */,
				CFB9FC9723B4788F0066B29C /* Assets.xcassets */,
				CFB9FC9923B4788F0066B29C /* LaunchScreen.storyboard */,
				CFB9FC9C23B4788F0066B29C /* Info.plist */,
				CF4B204923C7088B0038EFEA /* GoogleService-Info.plist */,
				CFB9FC8E23B478890066B29C /* AppDelegate.swift */,
				CFB9FC9023B478890066B29C /* SceneDelegate.swift */,
			);
			path = SimpleYourTime;
			sourceTree = "<group>";
		};
		CFB9FCA623B484000066B29C /* PageView */ = {
			isa = PBXGroup;
			children = (
				CFB9FCA423B479EC0066B29C /* ContentViewController.swift */,
				CFB9FCA223B479480066B29C /* PageViewController.swift */,
			);
			path = PageView;
			sourceTree = "<group>";
		};
		CFBF750023B4A36100C1C887 /* Model */ = {
			isa = PBXGroup;
			children = (
				CFB9FCA923B49CBF0066B29C /* TaskManager.swift */,
				CFB9FCAB23B49CE10066B29C /* Task.swift */,
			);
			path = Model;
			sourceTree = "<group>";
		};
		CFBF750323B4B20900C1C887 /* Controller */ = {
			isa = PBXGroup;
			children = (
				CF18933D23B4EA0500085E6A /* CreateTaskViewController.swift */,
				CFB9FC9223B478890066B29C /* TaskViewController.swift */,
				CF1B1C8C23B9D0F500B52154 /* AuthViewController.swift */,
				CF4B204723C703960038EFEA /* RegisterViewController.swift */,
				CFFAC2B623C710AB002A9F71 /* LoginViewController.swift */,
				CF31846223D83348009F0D4C /* TaskInfoViewController.swift */,
			);
			path = Controller;
			sourceTree = "<group>";
		};
		CFBF750423B4B25300C1C887 /* View */ = {
			isa = PBXGroup;
			children = (
				CFBF750523B4B26D00C1C887 /* TasksTableViewCell.swift */,
			);
			path = View;
			sourceTree = "<group>";
		};
/* End PBXGroup section */

/* Begin PBXNativeTarget section */
		CFB9FC8A23B478890066B29C /* SimpleYourTime */ = {
			isa = PBXNativeTarget;
			buildConfigurationList = CFB9FC9F23B4788F0066B29C /* Build configuration list for PBXNativeTarget "SimpleYourTime" */;
			buildPhases = (
				6345F6EE977D6BD439D2312B /* [CP] Check Pods Manifest.lock */,
				CFB9FC8723B478890066B29C /* Sources */,
				CFB9FC8823B478890066B29C /* Frameworks */,
				CFB9FC8923B478890066B29C /* Resources */,
				DF6C79F9E47EC420E6F6046E /* [CP] Embed Pods Frameworks */,
			);
			buildRules = (
			);
			dependencies = (
			);
			name = SimpleYourTime;
			productName = SimpleYourTime;
			productReference = CFB9FC8B23B478890066B29C /* SimpleYourTime.app */;
			productType = "com.apple.product-type.application";
		};
/* End PBXNativeTarget section */

/* Begin PBXProject section */
		CFB9FC8323B478890066B29C /* Project object */ = {
			isa = PBXProject;
			attributes = {
				LastSwiftUpdateCheck = 1130;
				LastUpgradeCheck = 1130;
				ORGANIZATIONNAME = "Ivan Babushkin";
				TargetAttributes = {
					CFB9FC8A23B478890066B29C = {
						CreatedOnToolsVersion = 11.3;
					};
				};
			};
			buildConfigurationList = CFB9FC8623B478890066B29C /* Build configuration list for PBXProject "SimpleYourTime" */;
			compatibilityVersion = "Xcode 9.3";
			developmentRegion = en;
			hasScannedForEncodings = 0;
			knownRegions = (
				en,
				Base,
			);
			mainGroup = CFB9FC8223B478890066B29C;
			productRefGroup = CFB9FC8C23B478890066B29C /* Products */;
			projectDirPath = "";
			projectRoot = "";
			targets = (
				CFB9FC8A23B478890066B29C /* SimpleYourTime */,
			);
		};
/* End PBXProject section */

/* Begin PBXResourcesBuildPhase section */
		CFB9FC8923B478890066B29C /* Resources */ = {
			isa = PBXResourcesBuildPhase;
			buildActionMask = 2147483647;
			files = (
				CFB9FC9B23B4788F0066B29C /* LaunchScreen.storyboard in Resources */,
				CF4B204A23C7088B0038EFEA /* GoogleService-Info.plist in Resources */,
				CFB9FC9823B4788F0066B29C /* Assets.xcassets in Resources */,
				CFB9FC9623B478890066B29C /* Main.storyboard in Resources */,
			);
			runOnlyForDeploymentPostprocessing = 0;
		};
/* End PBXResourcesBuildPhase section */

/* Begin PBXShellScriptBuildPhase section */
		6345F6EE977D6BD439D2312B /* [CP] Check Pods Manifest.lock */ = {
			isa = PBXShellScriptBuildPhase;
			buildActionMask = 2147483647;
			files = (
			);
			inputFileListPaths = (
			);
			inputPaths = (
				"${PODS_PODFILE_DIR_PATH}/Podfile.lock",
				"${PODS_ROOT}/Manifest.lock",
			);
			name = "[CP] Check Pods Manifest.lock";
			outputFileListPaths = (
			);
			outputPaths = (
				"$(DERIVED_FILE_DIR)/Pods-SimpleYourTime-checkManifestLockResult.txt",
			);
			runOnlyForDeploymentPostprocessing = 0;
			shellPath = /bin/sh;
			shellScript = "diff \"${PODS_PODFILE_DIR_PATH}/Podfile.lock\" \"${PODS_ROOT}/Manifest.lock\" > /dev/null\nif [ $? != 0 ] ; then\n    # print error to STDERR\n    echo \"error: The sandbox is not in sync with the Podfile.lock. Run 'pod install' or update your CocoaPods installation.\" >&2\n    exit 1\nfi\n# This output is used by Xcode 'outputs' to avoid re-running this script phase.\necho \"SUCCESS\" > \"${SCRIPT_OUTPUT_FILE_0}\"\n";
			showEnvVarsInLog = 0;
		};
		DF6C79F9E47EC420E6F6046E /* [CP] Embed Pods Frameworks */ = {
			isa = PBXShellScriptBuildPhase;
			buildActionMask = 2147483647;
			files = (
			);
			inputFileListPaths = (
				"${PODS_ROOT}/Target Support Files/Pods-SimpleYourTime/Pods-SimpleYourTime-frameworks-${CONFIGURATION}-input-files.xcfilelist",
			);
			name = "[CP] Embed Pods Frameworks";
			outputFileListPaths = (
				"${PODS_ROOT}/Target Support Files/Pods-SimpleYourTime/Pods-SimpleYourTime-frameworks-${CONFIGURATION}-output-files.xcfilelist",
			);
			runOnlyForDeploymentPostprocessing = 0;
			shellPath = /bin/sh;
			shellScript = "\"${PODS_ROOT}/Target Support Files/Pods-SimpleYourTime/Pods-SimpleYourTime-frameworks.sh\"\n";
			showEnvVarsInLog = 0;
		};
/* End PBXShellScriptBuildPhase section */

/* Begin PBXSourcesBuildPhase section */
		CFB9FC8723B478890066B29C /* Sources */ = {
			isa = PBXSourcesBuildPhase;
			buildActionMask = 2147483647;
			files = (
				CFFAC2B723C710AB002A9F71 /* LoginViewController.swift in Sources */,
				CFB9FCA523B479EC0066B29C /* ContentViewController.swift in Sources */,
				CF31846B23D837CC009F0D4C /* PresentAnimation.swift in Sources */,
				CF31846723D83543009F0D4C /* PresentationController.swift in Sources */,
				CFB9FC9323B478890066B29C /* TaskViewController.swift in Sources */,
				CF31846D23D837FE009F0D4C /* DismissAnimation.swift in Sources */,
				CF1B1C9023B9E08D00B52154 /* Switcher.swift in Sources */,
				CF18933E23B4EA0500085E6A /* CreateTaskViewController.swift in Sources */,
				CFFAC2BD23C7256E002A9F71 /* UIAlertController + Extension.swift in Sources */,
				CFB9FC8F23B478890066B29C /* AppDelegate.swift in Sources */,
				CF31846323D83348009F0D4C /* TaskInfoViewController.swift in Sources */,
				CFFAC2BB23C722D6002A9F71 /* AuthError.swift in Sources */,
				CF31846923D8363F009F0D4C /* DimmPresentationController.swift in Sources */,
				CFB9FCAA23B49CBF0066B29C /* TaskManager.swift in Sources */,
				CFB9FC9123B478890066B29C /* SceneDelegate.swift in Sources */,
				CFFAC2B923C720ED002A9F71 /* Validators.swift in Sources */,
				CFA5132623CC5A9900B65844 /* Leveling.swift in Sources */,
				CFBF750623B4B26D00C1C887 /* TasksTableViewCell.swift in Sources */,
				CF31846523D83456009F0D4C /* PanelTranssition.swift in Sources */,
				CFB9FCA323B479480066B29C /* PageViewController.swift in Sources */,
				CF4B204823C703960038EFEA /* RegisterViewController.swift in Sources */,
				CFB9FCAC23B49CE10066B29C /* Task.swift in Sources */,
				CF1B1C8D23B9D0F500B52154 /* AuthViewController.swift in Sources */,
			);
			runOnlyForDeploymentPostprocessing = 0;
		};
/* End PBXSourcesBuildPhase section */

/* Begin PBXVariantGroup section */
		CFB9FC9423B478890066B29C /* Main.storyboard */ = {
			isa = PBXVariantGroup;
			children = (
				CFB9FC9523B478890066B29C /* Base */,
			);
			name = Main.storyboard;
			sourceTree = "<group>";
		};
		CFB9FC9923B4788F0066B29C /* LaunchScreen.storyboard */ = {
			isa = PBXVariantGroup;
			children = (
				CFB9FC9A23B4788F0066B29C /* Base */,
			);
			name = LaunchScreen.storyboard;
			sourceTree = "<group>";
		};
/* End PBXVariantGroup section */

/* Begin XCBuildConfiguration section */
		CFB9FC9D23B4788F0066B29C /* Debug */ = {
			isa = XCBuildConfiguration;
			buildSettings = {
				ALWAYS_SEARCH_USER_PATHS = NO;
				CLANG_ANALYZER_NONNULL = YES;
				CLANG_ANALYZER_NUMBER_OBJECT_CONVERSION = YES_AGGRESSIVE;
				CLANG_CXX_LANGUAGE_STANDARD = "gnu++14";
				CLANG_CXX_LIBRARY = "libc++";
				CLANG_ENABLE_MODULES = YES;
				CLANG_ENABLE_OBJC_ARC = YES;
				CLANG_ENABLE_OBJC_WEAK = YES;
				CLANG_WARN_BLOCK_CAPTURE_AUTORELEASING = YES;
				CLANG_WARN_BOOL_CONVERSION = YES;
				CLANG_WARN_COMMA = YES;
				CLANG_WARN_CONSTANT_CONVERSION = YES;
				CLANG_WARN_DEPRECATED_OBJC_IMPLEMENTATIONS = YES;
				CLANG_WARN_DIRECT_OBJC_ISA_USAGE = YES_ERROR;
				CLANG_WARN_DOCUMENTATION_COMMENTS = YES;
				CLANG_WARN_EMPTY_BODY = YES;
				CLANG_WARN_ENUM_CONVERSION = YES;
				CLANG_WARN_INFINITE_RECURSION = YES;
				CLANG_WARN_INT_CONVERSION = YES;
				CLANG_WARN_NON_LITERAL_NULL_CONVERSION = YES;
				CLANG_WARN_OBJC_IMPLICIT_RETAIN_SELF = YES;
				CLANG_WARN_OBJC_LITERAL_CONVERSION = YES;
				CLANG_WARN_OBJC_ROOT_CLASS = YES_ERROR;
				CLANG_WARN_RANGE_LOOP_ANALYSIS = YES;
				CLANG_WARN_STRICT_PROTOTYPES = YES;
				CLANG_WARN_SUSPICIOUS_MOVE = YES;
				CLANG_WARN_UNGUARDED_AVAILABILITY = YES_AGGRESSIVE;
				CLANG_WARN_UNREACHABLE_CODE = YES;
				CLANG_WARN__DUPLICATE_METHOD_MATCH = YES;
				COPY_PHASE_STRIP = NO;
				DEBUG_INFORMATION_FORMAT = dwarf;
				ENABLE_STRICT_OBJC_MSGSEND = YES;
				ENABLE_TESTABILITY = YES;
				GCC_C_LANGUAGE_STANDARD = gnu11;
				GCC_DYNAMIC_NO_PIC = NO;
				GCC_NO_COMMON_BLOCKS = YES;
				GCC_OPTIMIZATION_LEVEL = 0;
				GCC_PREPROCESSOR_DEFINITIONS = (
					"DEBUG=1",
					"$(inherited)",
				);
				GCC_WARN_64_TO_32_BIT_CONVERSION = YES;
				GCC_WARN_ABOUT_RETURN_TYPE = YES_ERROR;
				GCC_WARN_UNDECLARED_SELECTOR = YES;
				GCC_WARN_UNINITIALIZED_AUTOS = YES_AGGRESSIVE;
				GCC_WARN_UNUSED_FUNCTION = YES;
				GCC_WARN_UNUSED_VARIABLE = YES;
				IPHONEOS_DEPLOYMENT_TARGET = 13.2;
				MTL_ENABLE_DEBUG_INFO = INCLUDE_SOURCE;
				MTL_FAST_MATH = YES;
				ONLY_ACTIVE_ARCH = YES;
				SDKROOT = iphoneos;
				SWIFT_ACTIVE_COMPILATION_CONDITIONS = DEBUG;
				SWIFT_OPTIMIZATION_LEVEL = "-Onone";
			};
			name = Debug;
		};
		CFB9FC9E23B4788F0066B29C /* Release */ = {
			isa = XCBuildConfiguration;
			buildSettings = {
				ALWAYS_SEARCH_USER_PATHS = NO;
				CLANG_ANALYZER_NONNULL = YES;
				CLANG_ANALYZER_NUMBER_OBJECT_CONVERSION = YES_AGGRESSIVE;
				CLANG_CXX_LANGUAGE_STANDARD = "gnu++14";
				CLANG_CXX_LIBRARY = "libc++";
				CLANG_ENABLE_MODULES = YES;
				CLANG_ENABLE_OBJC_ARC = YES;
				CLANG_ENABLE_OBJC_WEAK = YES;
				CLANG_WARN_BLOCK_CAPTURE_AUTORELEASING = YES;
				CLANG_WARN_BOOL_CONVERSION = YES;
				CLANG_WARN_COMMA = YES;
				CLANG_WARN_CONSTANT_CONVERSION = YES;
				CLANG_WARN_DEPRECATED_OBJC_IMPLEMENTATIONS = YES;
				CLANG_WARN_DIRECT_OBJC_ISA_USAGE = YES_ERROR;
				CLANG_WARN_DOCUMENTATION_COMMENTS = YES;
				CLANG_WARN_EMPTY_BODY = YES;
				CLANG_WARN_ENUM_CONVERSION = YES;
				CLANG_WARN_INFINITE_RECURSION = YES;
				CLANG_WARN_INT_CONVERSION = YES;
				CLANG_WARN_NON_LITERAL_NULL_CONVERSION = YES;
				CLANG_WARN_OBJC_IMPLICIT_RETAIN_SELF = YES;
				CLANG_WARN_OBJC_LITERAL_CONVERSION = YES;
				CLANG_WARN_OBJC_ROOT_CLASS = YES_ERROR;
				CLANG_WARN_RANGE_LOOP_ANALYSIS = YES;
				CLANG_WARN_STRICT_PROTOTYPES = YES;
				CLANG_WARN_SUSPICIOUS_MOVE = YES;
				CLANG_WARN_UNGUARDED_AVAILABILITY = YES_AGGRESSIVE;
				CLANG_WARN_UNREACHABLE_CODE = YES;
				CLANG_WARN__DUPLICATE_METHOD_MATCH = YES;
				COPY_PHASE_STRIP = NO;
				DEBUG_INFORMATION_FORMAT = "dwarf-with-dsym";
				ENABLE_NS_ASSERTIONS = NO;
				ENABLE_STRICT_OBJC_MSGSEND = YES;
				GCC_C_LANGUAGE_STANDARD = gnu11;
				GCC_NO_COMMON_BLOCKS = YES;
				GCC_WARN_64_TO_32_BIT_CONVERSION = YES;
				GCC_WARN_ABOUT_RETURN_TYPE = YES_ERROR;
				GCC_WARN_UNDECLARED_SELECTOR = YES;
				GCC_WARN_UNINITIALIZED_AUTOS = YES_AGGRESSIVE;
				GCC_WARN_UNUSED_FUNCTION = YES;
				GCC_WARN_UNUSED_VARIABLE = YES;
				IPHONEOS_DEPLOYMENT_TARGET = 13.2;
				MTL_ENABLE_DEBUG_INFO = NO;
				MTL_FAST_MATH = YES;
				SDKROOT = iphoneos;
				SWIFT_COMPILATION_MODE = wholemodule;
				SWIFT_OPTIMIZATION_LEVEL = "-O";
				VALIDATE_PRODUCT = YES;
			};
			name = Release;
		};
		CFB9FCA023B4788F0066B29C /* Debug */ = {
			isa = XCBuildConfiguration;
			baseConfigurationReference = 278F1DE0AF01AD97DA11D4D5 /* Pods-SimpleYourTime.debug.xcconfig */;
			buildSettings = {
				ASSETCATALOG_COMPILER_APPICON_NAME = AppIcon;
				CODE_SIGN_STYLE = Automatic;
				DEVELOPMENT_TEAM = XDNPF5F49P;
				INFOPLIST_FILE = SimpleYourTime/Info.plist;
				LD_RUNPATH_SEARCH_PATHS = (
					"$(inherited)",
					"@executable_path/Frameworks",
				);
				PRODUCT_BUNDLE_IDENTIFIER = sundesire.SimpleYourTime;
				PRODUCT_NAME = "$(TARGET_NAME)";
				SWIFT_VERSION = 5.0;
				TARGETED_DEVICE_FAMILY = "1,2";
			};
			name = Debug;
		};
		CFB9FCA123B4788F0066B29C /* Release */ = {
			isa = XCBuildConfiguration;
			baseConfigurationReference = 6A0CA08A1D1AA4AE08BF49CD /* Pods-SimpleYourTime.release.xcconfig */;
			buildSettings = {
				ASSETCATALOG_COMPILER_APPICON_NAME = AppIcon;
				CODE_SIGN_STYLE = Automatic;
				DEVELOPMENT_TEAM = XDNPF5F49P;
				INFOPLIST_FILE = SimpleYourTime/Info.plist;
				LD_RUNPATH_SEARCH_PATHS = (
					"$(inherited)",
					"@executable_path/Frameworks",
				);
				PRODUCT_BUNDLE_IDENTIFIER = sundesire.SimpleYourTime;
				PRODUCT_NAME = "$(TARGET_NAME)";
				SWIFT_VERSION = 5.0;
				TARGETED_DEVICE_FAMILY = "1,2";
			};
			name = Release;
		};
/* End XCBuildConfiguration section */

/* Begin XCConfigurationList section */
		CFB9FC8623B478890066B29C /* Build configuration list for PBXProject "SimpleYourTime" */ = {
			isa = XCConfigurationList;
			buildConfigurations = (
				CFB9FC9D23B4788F0066B29C /* Debug */,
				CFB9FC9E23B4788F0066B29C /* Release */,
			);
			defaultConfigurationIsVisible = 0;
			defaultConfigurationName = Release;
		};
		CFB9FC9F23B4788F0066B29C /* Build configuration list for PBXNativeTarget "SimpleYourTime" */ = {
			isa = XCConfigurationList;
			buildConfigurations = (
				CFB9FCA023B4788F0066B29C /* Debug */,
				CFB9FCA123B4788F0066B29C /* Release */,
			);
			defaultConfigurationIsVisible = 0;
			defaultConfigurationName = Release;
		};
/* End XCConfigurationList section */
	};
	rootObject = CFB9FC8323B478890066B29C /* Project object */;
}
